
Microsoft Visual Studio Solution File, Format Version 12.00
# Visual Studio Version 16
VisualStudioVersion = 16.0.31624.102
MinimumVisualStudioVersion = 10.0.40219.1
Project("{FAE04EC0-301F-11D3-BF4B-00C04F79EFBC}") = "RentalSahabat", "RentalSahabat.csproj", "{22FF5291-CE56-4330-AC81-8991520A26A4}"
EndProject
Global
	GlobalSection(SolutionConfigurationPlatforms) = preSolution
		Debug|Any CPU = Debug|Any CPU
		Release|Any CPU = Release|Any CPU
	EndGlobalSection
	GlobalSection(ProjectConfigurationPlatforms) = postSolution
		{22FF5291-CE56-4330-AC81-8991520A26A4}.Debug|Any CPU.ActiveCfg = Debug|Any CPU
		{22FF5291-CE56-4330-AC81-8991520A26A4}.Debug|Any CPU.Build.0 = Debug|Any CPU
		{22FF5291-CE56-4330-AC81-8991520A26A4}.Release|Any CPU.ActiveCfg = Release|Any CPU
		{22FF5291-CE56-4330-AC81-8991520A26A4}.Release|Any CPU.Build.0 = Release|Any CPU
	EndGlobalSection
	GlobalSection(SolutionProperties) = preSolution
		HideSolutionNode = FALSE
	EndGlobalSection
	GlobalSection(ExtensibilityGlobals) = postSolution
		SolutionGuid = {B89714AE-975C-4266-B3A7-67C9A577A7A3}
	EndGlobalSection
EndGlobal
